
Microsoft Visual Studio Solution File, Format Version 12.00
# Visual Studio Version 17
VisualStudioVersion = 17.9.34728.123
MinimumVisualStudioVersion = 10.0.40219.1
Project("{FAE04EC0-301F-11D3-BF4B-00C04F79EFBC}") = "GarysGarage", "GarysGarage.csproj", "{A137FB2A-E9B5-4680-B872-FD483ACF243C}"
EndProject
Global
	GlobalSection(SolutionConfigurationPlatforms) = preSolution
		Debug|Any CPU = Debug|Any CPU
		Release|Any CPU = Release|Any CPU
	EndGlobalSection
	GlobalSection(ProjectConfigurationPlatforms) = postSolution
		{A137FB2A-E9B5-4680-B872-FD483ACF243C}.Debug|Any CPU.ActiveCfg = Debug|Any CPU
		{A137FB2A-E9B5-4680-B872-FD483ACF243C}.Debug|Any CPU.Build.0 = Debug|Any CPU
		{A137FB2A-E9B5-4680-B872-FD483ACF243C}.Release|Any CPU.ActiveCfg = Release|Any CPU
		{A137FB2A-E9B5-4680-B872-FD483ACF243C}.Release|Any CPU.Build.0 = Release|Any CPU
	EndGlobalSection
	GlobalSection(SolutionProperties) = preSolution
		HideSolutionNode = FALSE
	EndGlobalSection
	GlobalSection(ExtensibilityGlobals) = postSolution
		SolutionGuid = {39E3A79B-8CA9-4885-992C-06B6CBB8282A}
	EndGlobalSection
EndGlobal
